// !$*UTF8*$!
{
	archiveVersion = 1;
	classes = {
	};
	objectVersion = 51;
	objects = {

/* Begin PBXBuildFile section */
		442C5C8626A5CE6E00EC9464 /* AppDelegate.m in Sources */ = {isa = PBXBuildFile; fileRef = 442C5C8526A5CE6E00EC9464 /* AppDelegate.m */; };
		442C5C8926A5CE6E00EC9464 /* SceneDelegate.m in Sources */ = {isa = PBXBuildFile; fileRef = 442C5C8826A5CE6E00EC9464 /* SceneDelegate.m */; };
		442C5C8C26A5CE6E00EC9464 /* ViewController.m in Sources */ = {isa = PBXBuildFile; fileRef = 442C5C8B26A5CE6E00EC9464 /* ViewController.m */; };
		442C5C8F26A5CE6E00EC9464 /* Main.storyboard in Resources */ = {isa = PBXBuildFile; fileRef = 442C5C8D26A5CE6E00EC9464 /* Main.storyboard */; };
		442C5C9126A5CE7A00EC9464 /* Assets.xcassets in Resources */ = {isa = PBXBuildFile; fileRef = 442C5C9026A5CE7A00EC9464 /* Assets.xcassets */; };
		442C5C9426A5CE7A00EC9464 /* LaunchScreen.storyboard in Resources */ = {isa = PBXBuildFile; fileRef = 442C5C9226A5CE7A00EC9464 /* LaunchScreen.storyboard */; };
		442C5C9726A5CE7A00EC9464 /* main.m in Sources */ = {isa = PBXBuildFile; fileRef = 442C5C9626A5CE7A00EC9464 /* main.m */; };
		829CBD3409F98D182E9A48AF /* Pods_AirplayDemo.framework in Frameworks */ = {isa = PBXBuildFile; fileRef = BBBC7555090A148DDF4AD586 /* Pods_AirplayDemo.framework */; };
/* End PBXBuildFile section */

/* Begin PBXFileReference section */
		42776EA79CA33B35E3139943 /* Pods-AirplayDemo.debug.xcconfig */ = {isa = PBXFileReference; includeInIndex = 1; lastKnownFileType = text.xcconfig; name = "Pods-AirplayDemo.debug.xcconfig"; path = "Target Support Files/Pods-AirplayDemo/Pods-AirplayDemo.debug.xcconfig"; sourceTree = "<group>"; };
		442C5C8126A5CE6E00EC9464 /* AirplayDemo.app */ = {isa = PBXFileReference; explicitFileType = wrapper.application; includeInIndex = 0; path = AirplayDemo.app; sourceTree = BUILT_PRODUCTS_DIR; };
		442C5C8426A5CE6E00EC9464 /* AppDelegate.h */ = {isa = PBXFileReference; lastKnownFileType = sourcecode.c.h; path = AppDelegate.h; sourceTree = "<group>"; };
		442C5C8526A5CE6E00EC9464 /* AppDelegate.m */ = {isa = PBXFileReference; lastKnownFileType = sourcecode.c.objc; path = AppDelegate.m; sourceTree = "<group>"; };
		442C5C8726A5CE6E00EC9464 /* SceneDelegate.h */ = {isa = PBXFileReference; lastKnownFileType = sourcecode.c.h; path = SceneDelegate.h; sourceTree = "<group>"; };
		442C5C8826A5CE6E00EC9464 /* SceneDelegate.m */ = {isa = PBXFileReference; lastKnownFileType = sourcecode.c.objc; path = SceneDelegate.m; sourceTree = "<group>"; };
		442C5C8A26A5CE6E00EC9464 /* ViewController.h */ = {isa = PBXFileReference; lastKnownFileType = sourcecode.c.h; path = ViewController.h; sourceTree = "<group>"; };
		442C5C8B26A5CE6E00EC9464 /* ViewController.m */ = {isa = PBXFileReference; lastKnownFileType = sourcecode.c.objc; path = ViewController.m; sourceTree = "<group>"; };
		442C5C8E26A5CE6E00EC9464 /* Base */ = {isa = PBXFileReference; lastKnownFileType = file.storyboard; name = Base; path = Base.lproj/Main.storyboard; sourceTree = "<group>"; };
		442C5C9026A5CE7A00EC9464 /* Assets.xcassets */ = {isa = PBXFileReference; lastKnownFileType = folder.assetcatalog; path = Assets.xcassets; sourceTree = "<group>"; };
		442C5C9326A5CE7A00EC9464 /* Base */ = {isa = PBXFileReference; lastKnownFileType = file.storyboard; name = Base; path = Base.lproj/LaunchScreen.storyboard; sourceTree = "<group>"; };
		442C5C9526A5CE7A00EC9464 /* Info.plist */ = {isa = PBXFileReference; lastKnownFileType = text.plist.xml; path = Info.plist; sourceTree = "<group>"; };
		442C5C9626A5CE7A00EC9464 /* main.m */ = {isa = PBXFileReference; lastKnownFileType = sourcecode.c.objc; path = main.m; sourceTree = "<group>"; };
		444E8F372720701C000C4F0B /* AirplaySDK.xcframework */ = {isa = PBXFileReference; lastKnownFileType = wrapper.xcframework; name = AirplaySDK.xcframework; path = "../GitHub/hls-muxer/output/AirplaySDK.xcframework"; sourceTree = "<group>"; };
		A7E452B4E0249BAB89114FC4 /* Pods-testing2.debug.xcconfig */ = {isa = PBXFileReference; includeInIndex = 1; lastKnownFileType = text.xcconfig; name = "Pods-testing2.debug.xcconfig"; path = "Target Support Files/Pods-testing2/Pods-testing2.debug.xcconfig"; sourceTree = "<group>"; };
		BBBC7555090A148DDF4AD586 /* Pods_AirplayDemo.framework */ = {isa = PBXFileReference; explicitFileType = wrapper.framework; includeInIndex = 0; path = Pods_AirplayDemo.framework; sourceTree = BUILT_PRODUCTS_DIR; };
		C7A11629ADF01AC9E230712A /* Pods-AirplayDemo.release.xcconfig */ = {isa = PBXFileReference; includeInIndex = 1; lastKnownFileType = text.xcconfig; name = "Pods-AirplayDemo.release.xcconfig"; path = "Target Support Files/Pods-AirplayDemo/Pods-AirplayDemo.release.xcconfig"; sourceTree = "<group>"; };
		CF3A80FAF1FB26CF77294F35 /* Pods-testing2.release.xcconfig */ = {isa = PBXFileReference; includeInIndex = 1; lastKnownFileType = text.xcconfig; name = "Pods-testing2.release.xcconfig"; path = "Target Support Files/Pods-testing2/Pods-testing2.release.xcconfig"; sourceTree = "<group>"; };
/* End PBXFileReference section */

/* Begin PBXFrameworksBuildPhase section */
		442C5C7E26A5CE6E00EC9464 /* Frameworks */ = {
			isa = PBXFrameworksBuildPhase;
			buildActionMask = 2147483647;
			files = (
				829CBD3409F98D182E9A48AF /* Pods_AirplayDemo.framework in Frameworks */,
			);
			runOnlyForDeploymentPostprocessing = 0;
		};
/* End PBXFrameworksBuildPhase section */

/* Begin PBXGroup section */
		442C5C7826A5CE6E00EC9464 = {
			isa = PBXGroup;
			children = (
				442C5C8326A5CE6E00EC9464 /* AirplayDemo */,
				442C5C8226A5CE6E00EC9464 /* Products */,
				60B504FFF293E69BB6E7F409 /* Pods */,
				512ED4CAA5C8E053B94417A8 /* Frameworks */,
			);
			sourceTree = "<group>";
		};
		442C5C8226A5CE6E00EC9464 /* Products */ = {
			isa = PBXGroup;
			children = (
				442C5C8126A5CE6E00EC9464 /* AirplayDemo.app */,
			);
			name = Products;
			sourceTree = "<group>";
		};
		442C5C8326A5CE6E00EC9464 /* AirplayDemo */ = {
			isa = PBXGroup;
			children = (
				442C5C8426A5CE6E00EC9464 /* AppDelegate.h */,
				442C5C8526A5CE6E00EC9464 /* AppDelegate.m */,
				442C5C8726A5CE6E00EC9464 /* SceneDelegate.h */,
				442C5C8826A5CE6E00EC9464 /* SceneDelegate.m */,
				442C5C8A26A5CE6E00EC9464 /* ViewController.h */,
				442C5C8B26A5CE6E00EC9464 /* ViewController.m */,
				442C5C8D26A5CE6E00EC9464 /* Main.storyboard */,
				442C5C9026A5CE7A00EC9464 /* Assets.xcassets */,
				442C5C9226A5CE7A00EC9464 /* LaunchScreen.storyboard */,
				442C5C9526A5CE7A00EC9464 /* Info.plist */,
				442C5C9626A5CE7A00EC9464 /* main.m */,
			);
			path = AirplayDemo;
			sourceTree = "<group>";
		};
		512ED4CAA5C8E053B94417A8 /* Frameworks */ = {
			isa = PBXGroup;
			children = (
				444E8F372720701C000C4F0B /* AirplaySDK.xcframework */,
				BBBC7555090A148DDF4AD586 /* Pods_AirplayDemo.framework */,
			);
			name = Frameworks;
			sourceTree = "<group>";
		};
		60B504FFF293E69BB6E7F409 /* Pods */ = {
			isa = PBXGroup;
			children = (
				A7E452B4E0249BAB89114FC4 /* Pods-testing2.debug.xcconfig */,
				CF3A80FAF1FB26CF77294F35 /* Pods-testing2.release.xcconfig */,
				42776EA79CA33B35E3139943 /* Pods-AirplayDemo.debug.xcconfig */,
				C7A11629ADF01AC9E230712A /* Pods-AirplayDemo.release.xcconfig */,
			);
			path = Pods;
			sourceTree = "<group>";
		};
/* End PBXGroup section */

/* Begin PBXNativeTarget section */
		442C5C8026A5CE6E00EC9464 /* AirplayDemo */ = {
			isa = PBXNativeTarget;
			buildConfigurationList = 442C5C9A26A5CE7A00EC9464 /* Build configuration list for PBXNativeTarget "AirplayDemo" */;
			buildPhases = (
				7994E37019FC6AB010F5D6FC /* [CP] Check Pods Manifest.lock */,
				442C5C7D26A5CE6E00EC9464 /* Sources */,
				442C5C7E26A5CE6E00EC9464 /* Frameworks */,
				442C5C7F26A5CE6E00EC9464 /* Resources */,
				12E2AAAA1BF0A5EDB5DAD7ED /* [CP] Embed Pods Frameworks */,
			);
			buildRules = (
			);
			dependencies = (
			);
			name = AirplayDemo;
			productName = testing2;
			productReference = 442C5C8126A5CE6E00EC9464 /* AirplayDemo.app */;
			productType = "com.apple.product-type.application";
		};
/* End PBXNativeTarget section */

/* Begin PBXProject section */
		442C5C7926A5CE6E00EC9464 /* Project object */ = {
			isa = PBXProject;
			attributes = {
				LastUpgradeCheck = 1240;
				TargetAttributes = {
					442C5C8026A5CE6E00EC9464 = {
						CreatedOnToolsVersion = 12.4;
					};
				};
			};
			buildConfigurationList = 442C5C7C26A5CE6E00EC9464 /* Build configuration list for PBXProject "AirplayDemo" */;
			compatibilityVersion = "Xcode 9.3";
			developmentRegion = en;
			hasScannedForEncodings = 0;
			knownRegions = (
				en,
				Base,
			);
			mainGroup = 442C5C7826A5CE6E00EC9464;
			productRefGroup = 442C5C8226A5CE6E00EC9464 /* Products */;
			projectDirPath = "";
			projectRoot = "";
			targets = (
				442C5C8026A5CE6E00EC9464 /* AirplayDemo */,
			);
		};
/* End PBXProject section */

/* Begin PBXResourcesBuildPhase section */
		442C5C7F26A5CE6E00EC9464 /* Resources */ = {
			isa = PBXResourcesBuildPhase;
			buildActionMask = 2147483647;
			files = (
				442C5C9426A5CE7A00EC9464 /* LaunchScreen.storyboard in Resources */,
				442C5C9126A5CE7A00EC9464 /* Assets.xcassets in Resources */,
				442C5C8F26A5CE6E00EC9464 /* Main.storyboard in Resources */,
			);
			runOnlyForDeploymentPostprocessing = 0;
		};
/* End PBXResourcesBuildPhase section */

/* Begin PBXShellScriptBuildPhase section */
		12E2AAAA1BF0A5EDB5DAD7ED /* [CP] Embed Pods Frameworks */ = {
			isa = PBXShellScriptBuildPhase;
			buildActionMask = 2147483647;
			files = (
			);
			inputFileListPaths = (
				"${PODS_ROOT}/Target Support Files/Pods-AirplayDemo/Pods-AirplayDemo-frameworks-${CONFIGURATION}-input-files.xcfilelist",
			);
			name = "[CP] Embed Pods Frameworks";
			outputFileListPaths = (
				"${PODS_ROOT}/Target Support Files/Pods-AirplayDemo/Pods-AirplayDemo-frameworks-${CONFIGURATION}-output-files.xcfilelist",
			);
			runOnlyForDeploymentPostprocessing = 0;
			shellPath = /bin/sh;
			shellScript = "\"${PODS_ROOT}/Target Support Files/Pods-AirplayDemo/Pods-AirplayDemo-frameworks.sh\"\n";
			showEnvVarsInLog = 0;
		};
		7994E37019FC6AB010F5D6FC /* [CP] Check Pods Manifest.lock */ = {
			isa = PBXShellScriptBuildPhase;
			buildActionMask = 2147483647;
			files = (
			);
			inputFileListPaths = (
			);
			inputPaths = (
				"${PODS_PODFILE_DIR_PATH}/Podfile.lock",
				"${PODS_ROOT}/Manifest.lock",
			);
			name = "[CP] Check Pods Manifest.lock";
			outputFileListPaths = (
			);
			outputPaths = (
				"$(DERIVED_FILE_DIR)/Pods-AirplayDemo-checkManifestLockResult.txt",
			);
			runOnlyForDeploymentPostprocessing = 0;
			shellPath = /bin/sh;
			shellScript = "diff \"${PODS_PODFILE_DIR_PATH}/Podfile.lock\" \"${PODS_ROOT}/Manifest.lock\" > /dev/null\nif [ $? != 0 ] ; then\n    # print error to STDERR\n    echo \"error: The sandbox is not in sync with the Podfile.lock. Run 'pod install' or update your CocoaPods installation.\" >&2\n    exit 1\nfi\n# This output is used by Xcode 'outputs' to avoid re-running this script phase.\necho \"SUCCESS\" > \"${SCRIPT_OUTPUT_FILE_0}\"\n";
			showEnvVarsInLog = 0;
		};
/* End PBXShellScriptBuildPhase section */

/* Begin PBXSourcesBuildPhase section */
		442C5C7D26A5CE6E00EC9464 /* Sources */ = {
			isa = PBXSourcesBuildPhase;
			buildActionMask = 2147483647;
			files = (
				442C5C8C26A5CE6E00EC9464 /* ViewController.m in Sources */,
				442C5C8626A5CE6E00EC9464 /* AppDelegate.m in Sources */,
				442C5C9726A5CE7A00EC9464 /* main.m in Sources */,
				442C5C8926A5CE6E00EC9464 /* SceneDelegate.m in Sources */,
			);
			runOnlyForDeploymentPostprocessing = 0;
		};
/* End PBXSourcesBuildPhase section */

/* Begin PBXVariantGroup section */
		442C5C8D26A5CE6E00EC9464 /* Main.storyboard */ = {
			isa = PBXVariantGroup;
			children = (
				442C5C8E26A5CE6E00EC9464 /* Base */,
			);
			name = Main.storyboard;
			sourceTree = "<group>";
		};
		442C5C9226A5CE7A00EC9464 /* LaunchScreen.storyboard */ = {
			isa = PBXVariantGroup;
			children = (
				442C5C9326A5CE7A00EC9464 /* Base */,
			);
			name = LaunchScreen.storyboard;
			sourceTree = "<group>";
		};
/* End PBXVariantGroup section */

/* Begin XCBuildConfiguration section */
		442C5C9826A5CE7A00EC9464 /* Debug */ = {
			isa = XCBuildConfiguration;
			buildSettings = {
				ALWAYS_SEARCH_USER_PATHS = NO;
				CLANG_ANALYZER_NONNULL = YES;
				CLANG_ANALYZER_NUMBER_OBJECT_CONVERSION = YES_AGGRESSIVE;
				CLANG_CXX_LANGUAGE_STANDARD = "gnu++14";
				CLANG_CXX_LIBRARY = "libc++";
				CLANG_ENABLE_MODULES = YES;
				CLANG_ENABLE_OBJC_ARC = YES;
				CLANG_ENABLE_OBJC_WEAK = YES;
				CLANG_WARN_BLOCK_CAPTURE_AUTORELEASING = YES;
				CLANG_WARN_BOOL_CONVERSION = YES;
				CLANG_WARN_COMMA = YES;
				CLANG_WARN_CONSTANT_CONVERSION = YES;
				CLANG_WARN_DEPRECATED_OBJC_IMPLEMENTATIONS = YES;
				CLANG_WARN_DIRECT_OBJC_ISA_USAGE = YES_ERROR;
				CLANG_WARN_DOCUMENTATION_COMMENTS = YES;
				CLANG_WARN_EMPTY_BODY = YES;
				CLANG_WARN_ENUM_CONVERSION = YES;
				CLANG_WARN_INFINITE_RECURSION = YES;
				CLANG_WARN_INT_CONVERSION = YES;
				CLANG_WARN_NON_LITERAL_NULL_CONVERSION = YES;
				CLANG_WARN_OBJC_IMPLICIT_RETAIN_SELF = YES;
				CLANG_WARN_OBJC_LITERAL_CONVERSION = YES;
				CLANG_WARN_OBJC_ROOT_CLASS = YES_ERROR;
				CLANG_WARN_QUOTED_INCLUDE_IN_FRAMEWORK_HEADER = YES;
				CLANG_WARN_RANGE_LOOP_ANALYSIS = YES;
				CLANG_WARN_STRICT_PROTOTYPES = YES;
				CLANG_WARN_SUSPICIOUS_MOVE = YES;
				CLANG_WARN_UNGUARDED_AVAILABILITY = YES_AGGRESSIVE;
				CLANG_WARN_UNREACHABLE_CODE = YES;
				CLANG_WARN__DUPLICATE_METHOD_MATCH = YES;
				COPY_PHASE_STRIP = NO;
				DEBUG_INFORMATION_FORMAT = dwarf;
				ENABLE_STRICT_OBJC_MSGSEND = YES;
				ENABLE_TESTABILITY = YES;
				GCC_C_LANGUAGE_STANDARD = gnu11;
				GCC_DYNAMIC_NO_PIC = NO;
				GCC_NO_COMMON_BLOCKS = YES;
				GCC_OPTIMIZATION_LEVEL = 0;
				GCC_PREPROCESSOR_DEFINITIONS = (
					"DEBUG=1",
					"$(inherited)",
				);
				GCC_WARN_64_TO_32_BIT_CONVERSION = YES;
				GCC_WARN_ABOUT_RETURN_TYPE = YES_ERROR;
				GCC_WARN_UNDECLARED_SELECTOR = YES;
				GCC_WARN_UNINITIALIZED_AUTOS = YES_AGGRESSIVE;
				GCC_WARN_UNUSED_FUNCTION = YES;
				GCC_WARN_UNUSED_VARIABLE = YES;
				IPHONEOS_DEPLOYMENT_TARGET = 14.4;
				MTL_ENABLE_DEBUG_INFO = INCLUDE_SOURCE;
				MTL_FAST_MATH = YES;
				ONLY_ACTIVE_ARCH = YES;
				SDKROOT = iphoneos;
			};
			name = Debug;
		};
		442C5C9926A5CE7A00EC9464 /* Release */ = {
			isa = XCBuildConfiguration;
			buildSettings = {
				ALWAYS_SEARCH_USER_PATHS = NO;
				CLANG_ANALYZER_NONNULL = YES;
				CLANG_ANALYZER_NUMBER_OBJECT_CONVERSION = YES_AGGRESSIVE;
				CLANG_CXX_LANGUAGE_STANDARD = "gnu++14";
				CLANG_CXX_LIBRARY = "libc++";
				CLANG_ENABLE_MODULES = YES;
				CLANG_ENABLE_OBJC_ARC = YES;
				CLANG_ENABLE_OBJC_WEAK = YES;
				CLANG_WARN_BLOCK_CAPTURE_AUTORELEASING = YES;
				CLANG_WARN_BOOL_CONVERSION = YES;
				CLANG_WARN_COMMA = YES;
				CLANG_WARN_CONSTANT_CONVERSION = YES;
				CLANG_WARN_DEPRECATED_OBJC_IMPLEMENTATIONS = YES;
				CLANG_WARN_DIRECT_OBJC_ISA_USAGE = YES_ERROR;
				CLANG_WARN_DOCUMENTATION_COMMENTS = YES;
				CLANG_WARN_EMPTY_BODY = YES;
				CLANG_WARN_ENUM_CONVERSION = YES;
				CLANG_WARN_INFINITE_RECURSION = YES;
				CLANG_WARN_INT_CONVERSION = YES;
				CLANG_WARN_NON_LITERAL_NULL_CONVERSION = YES;
				CLANG_WARN_OBJC_IMPLICIT_RETAIN_SELF = YES;
				CLANG_WARN_OBJC_LITERAL_CONVERSION = YES;
				CLANG_WARN_OBJC_ROOT_CLASS = YES_ERROR;
				CLANG_WARN_QUOTED_INCLUDE_IN_FRAMEWORK_HEADER = YES;
				CLANG_WARN_RANGE_LOOP_ANALYSIS = YES;
				CLANG_WARN_STRICT_PROTOTYPES = YES;
				CLANG_WARN_SUSPICIOUS_MOVE = YES;
				CLANG_WARN_UNGUARDED_AVAILABILITY = YES_AGGRESSIVE;
				CLANG_WARN_UNREACHABLE_CODE = YES;
				CLANG_WARN__DUPLICATE_METHOD_MATCH = YES;
				COPY_PHASE_STRIP = NO;
				DEBUG_INFORMATION_FORMAT = "dwarf-with-dsym";
				ENABLE_NS_ASSERTIONS = NO;
				ENABLE_STRICT_OBJC_MSGSEND = YES;
				GCC_C_LANGUAGE_STANDARD = gnu11;
				GCC_NO_COMMON_BLOCKS = YES;
				GCC_WARN_64_TO_32_BIT_CONVERSION = YES;
				GCC_WARN_ABOUT_RETURN_TYPE = YES_ERROR;
				GCC_WARN_UNDECLARED_SELECTOR = YES;
				GCC_WARN_UNINITIALIZED_AUTOS = YES_AGGRESSIVE;
				GCC_WARN_UNUSED_FUNCTION = YES;
				GCC_WARN_UNUSED_VARIABLE = YES;
				IPHONEOS_DEPLOYMENT_TARGET = 14.4;
				MTL_ENABLE_DEBUG_INFO = NO;
				MTL_FAST_MATH = YES;
				SDKROOT = iphoneos;
				VALIDATE_PRODUCT = YES;
			};
			name = Release;
		};
		442C5C9B26A5CE7A00EC9464 /* Debug */ = {
			isa = XCBuildConfiguration;
			baseConfigurationReference = 42776EA79CA33B35E3139943 /* Pods-AirplayDemo.debug.xcconfig */;
			buildSettings = {
				ASSETCATALOG_COMPILER_APPICON_NAME = AppIcon;
				ASSETCATALOG_COMPILER_GLOBAL_ACCENT_COLOR_NAME = AccentColor;
				CODE_SIGN_STYLE = Automatic;
				DEVELOPMENT_TEAM = PAGEPFEF9A;
				INFOPLIST_FILE = testing2/Info.plist;
				LD_RUNPATH_SEARCH_PATHS = (
					"$(inherited)",
					"@executable_path/Frameworks",
				);
				PRODUCT_BUNDLE_IDENTIFIER = fm.feed.AirplayDemo;
				PRODUCT_NAME = "$(TARGET_NAME)";
				TARGETED_DEVICE_FAMILY = "1,2";
				USER_HEADER_SEARCH_PATHS = "\"${PROJECT_DIR}/Pods\"/**";
			};
			name = Debug;
		};
		442C5C9C26A5CE7A00EC9464 /* Release */ = {
			isa = XCBuildConfiguration;
			baseConfigurationReference = C7A11629ADF01AC9E230712A /* Pods-AirplayDemo.release.xcconfig */;
			buildSettings = {
				ASSETCATALOG_COMPILER_APPICON_NAME = AppIcon;
				ASSETCATALOG_COMPILER_GLOBAL_ACCENT_COLOR_NAME = AccentColor;
				CODE_SIGN_STYLE = Automatic;
				DEVELOPMENT_TEAM = PAGEPFEF9A;
				INFOPLIST_FILE = testing2/Info.plist;
				LD_RUNPATH_SEARCH_PATHS = (
					"$(inherited)",
					"@executable_path/Frameworks",
				);
				PRODUCT_BUNDLE_IDENTIFIER = fm.feed.AirplayDemo;
				PRODUCT_NAME = "$(TARGET_NAME)";
				TARGETED_DEVICE_FAMILY = "1,2";
				USER_HEADER_SEARCH_PATHS = "\"${PROJECT_DIR}/Pods\"/**";
			};
			name = Release;
		};
/* End XCBuildConfiguration section */

/* Begin XCConfigurationList section */
		442C5C7C26A5CE6E00EC9464 /* Build configuration list for PBXProject "AirplayDemo" */ = {
			isa = XCConfigurationList;
			buildConfigurations = (
				442C5C9826A5CE7A00EC9464 /* Debug */,
				442C5C9926A5CE7A00EC9464 /* Release */,
			);
			defaultConfigurationIsVisible = 0;
			defaultConfigurationName = Release;
		};
		442C5C9A26A5CE7A00EC9464 /* Build configuration list for PBXNativeTarget "AirplayDemo" */ = {
			isa = XCConfigurationList;
			buildConfigurations = (
				442C5C9B26A5CE7A00EC9464 /* Debug */,
				442C5C9C26A5CE7A00EC9464 /* Release */,
			);
			defaultConfigurationIsVisible = 0;
			defaultConfigurationName = Release;
		};
/* End XCConfigurationList section */
	};
	rootObject = 442C5C7926A5CE6E00EC9464 /* Project object */;
}
